// !$*UTF8*$!
{
	archiveVersion = 1;
	classes = {
	};
	objectVersion = 48;
	objects = {

/* Begin PBXBuildFile section */
		4105CBFD20681E4400DE99EB /* AppDelegate.swift in Sources */ = {isa = PBXBuildFile; fileRef = 4105CBFC20681E4400DE99EB /* AppDelegate.swift */; };
		4105CC0420681E4400DE99EB /* Assets.xcassets in Resources */ = {isa = PBXBuildFile; fileRef = 4105CC0320681E4400DE99EB /* Assets.xcassets */; };
		4105CC0720681E4400DE99EB /* LaunchScreen.storyboard in Resources */ = {isa = PBXBuildFile; fileRef = 4105CC0520681E4400DE99EB /* LaunchScreen.storyboard */; };
		4105CC20206821FA00DE99EB /* MenuViewModel.swift in Sources */ = {isa = PBXBuildFile; fileRef = 4105CC1F206821FA00DE99EB /* MenuViewModel.swift */; };
		4105CC222068221500DE99EB /* MenuViewController.swift in Sources */ = {isa = PBXBuildFile; fileRef = 4105CC212068221500DE99EB /* MenuViewController.swift */; };
		4105CC242068223A00DE99EB /* DeviceViewController.swift in Sources */ = {isa = PBXBuildFile; fileRef = 4105CC232068223A00DE99EB /* DeviceViewController.swift */; };
		4105CC2D206822C300DE99EB /* Color.swift in Sources */ = {isa = PBXBuildFile; fileRef = 4105CC2C206822C300DE99EB /* Color.swift */; };
		4105CC3120682C2100DE99EB /* MenuTableViewCell.swift in Sources */ = {isa = PBXBuildFile; fileRef = 4105CC2F20682C2100DE99EB /* MenuTableViewCell.swift */; };
		4105CC3420682C6700DE99EB /* MenuCellViewModel.swift in Sources */ = {isa = PBXBuildFile; fileRef = 4105CC3320682C6700DE99EB /* MenuCellViewModel.swift */; };
		4105CC3620683EFF00DE99EB /* Font.swift in Sources */ = {isa = PBXBuildFile; fileRef = 4105CC3520683EFF00DE99EB /* Font.swift */; };
		4105CC382068415B00DE99EB /* StatusBarView.swift in Sources */ = {isa = PBXBuildFile; fileRef = 4105CC372068415B00DE99EB /* StatusBarView.swift */; };
		4105CC3D20684FEE00DE99EB /* DeviceViewModel.swift in Sources */ = {isa = PBXBuildFile; fileRef = 4105CC3C20684FEE00DE99EB /* DeviceViewModel.swift */; };
		4105CC3F2068539A00DE99EB /* OperatingSystemViewModel.swift in Sources */ = {isa = PBXBuildFile; fileRef = 4105CC3E2068539A00DE99EB /* OperatingSystemViewModel.swift */; };
		4105CC412068546A00DE99EB /* OperatingSystemViewController.swift in Sources */ = {isa = PBXBuildFile; fileRef = 4105CC402068546A00DE99EB /* OperatingSystemViewController.swift */; };
		4105CC4620685A6B00DE99EB /* ControlPanelViewController.swift in Sources */ = {isa = PBXBuildFile; fileRef = 4105CC4520685A6B00DE99EB /* ControlPanelViewController.swift */; };
		4105CC4820685E5A00DE99EB /* ControlPanelViewModel.swift in Sources */ = {isa = PBXBuildFile; fileRef = 4105CC4720685E5A00DE99EB /* ControlPanelViewModel.swift */; };
		4105CC4B20697EDC00DE99EB /* ArchButton.swift in Sources */ = {isa = PBXBuildFile; fileRef = 4105CC4A20697EDC00DE99EB /* ArchButton.swift */; };
		4105CC4E2069924D00DE99EB /* ScrollWheel.swift in Sources */ = {isa = PBXBuildFile; fileRef = 4105CC4D2069924D00DE99EB /* ScrollWheel.swift */; };
		4105CC50206AA25500DE99EB /* OperatingSystemCoordinator.swift in Sources */ = {isa = PBXBuildFile; fileRef = 4105CC4F206AA25500DE99EB /* OperatingSystemCoordinator.swift */; };
		4105CC52206AA2CE00DE99EB /* Coordinator.swift in Sources */ = {isa = PBXBuildFile; fileRef = 4105CC51206AA2CE00DE99EB /* Coordinator.swift */; };
		4105CC54206AA70600DE99EB /* OperatingSystemCoordinatorModel.swift in Sources */ = {isa = PBXBuildFile; fileRef = 4105CC53206AA70600DE99EB /* OperatingSystemCoordinatorModel.swift */; };
		4142684A206C1DBC00B83735 /* MainMenuViewModel.swift in Sources */ = {isa = PBXBuildFile; fileRef = 41426849206C1DBC00B83735 /* MainMenuViewModel.swift */; };
		4142684C206C31A600B83735 /* PlaylistsMenuViewModel.swift in Sources */ = {isa = PBXBuildFile; fileRef = 4142684B206C31A600B83735 /* PlaylistsMenuViewModel.swift */; };
		41B7ECD6206C41E000C41086 /* Artist.swift in Sources */ = {isa = PBXBuildFile; fileRef = 41B7ECD5206C41E000C41086 /* Artist.swift */; };
		41B7ECD8206C420100C41086 /* Song.swift in Sources */ = {isa = PBXBuildFile; fileRef = 41B7ECD7206C420100C41086 /* Song.swift */; };
		41B7ECDA206C425E00C41086 /* Album.swift in Sources */ = {isa = PBXBuildFile; fileRef = 41B7ECD9206C425E00C41086 /* Album.swift */; };
		41B7ECDC206C42E700C41086 /* Playlist.swift in Sources */ = {isa = PBXBuildFile; fileRef = 41B7ECDB206C42E700C41086 /* Playlist.swift */; };
		41B7ECDF206C437D00C41086 /* LibraryService.swift in Sources */ = {isa = PBXBuildFile; fileRef = 41B7ECDE206C437D00C41086 /* LibraryService.swift */; };
		41B7ECE1206C46B100C41086 /* ArtistsMenuViewModel.swift in Sources */ = {isa = PBXBuildFile; fileRef = 41B7ECE0206C46B100C41086 /* ArtistsMenuViewModel.swift */; };
		41B7ECE3206C496B00C41086 /* SongsMenuViewModel.swift in Sources */ = {isa = PBXBuildFile; fileRef = 41B7ECE2206C496B00C41086 /* SongsMenuViewModel.swift */; };
		41B7ECE5206C575400C41086 /* AlbumsMenuViewModel.swift in Sources */ = {isa = PBXBuildFile; fileRef = 41B7ECE4206C575400C41086 /* AlbumsMenuViewModel.swift */; };
		F97D9A6A206F5EA4001FED7B /* ProgressView.swift in Sources */ = {isa = PBXBuildFile; fileRef = F97D9A69206F5EA4001FED7B /* ProgressView.swift */; };
		F991404320716E490060E3A8 /* AboutViewModel.swift in Sources */ = {isa = PBXBuildFile; fileRef = F991404220716E490060E3A8 /* AboutViewModel.swift */; };
		F991404520716E770060E3A8 /* AboutViewController.swift in Sources */ = {isa = PBXBuildFile; fileRef = F991404420716E770060E3A8 /* AboutViewController.swift */; };
		F9F2EFD2206CDA1C009A88FC /* Strings.swift in Sources */ = {isa = PBXBuildFile; fileRef = F9F2EFD1206CDA1C009A88FC /* Strings.swift */; };
		F9F2EFD4206CDE39009A88FC /* PlayerService.swift in Sources */ = {isa = PBXBuildFile; fileRef = F9F2EFD3206CDE39009A88FC /* PlayerService.swift */; };
		F9F2EFD7206CF0FD009A88FC /* PlayerViewModel.swift in Sources */ = {isa = PBXBuildFile; fileRef = F9F2EFD6206CF0FD009A88FC /* PlayerViewModel.swift */; };
		F9F2EFD9206CF4BC009A88FC /* PlayerViewController.swift in Sources */ = {isa = PBXBuildFile; fileRef = F9F2EFD8206CF4BC009A88FC /* PlayerViewController.swift */; };
		F9F2EFDB206D40AC009A88FC /* StorageService.swift in Sources */ = {isa = PBXBuildFile; fileRef = F9F2EFDA206D40AC009A88FC /* StorageService.swift */; };
		F9FE1B81206A6B290037A479 /* InputResponder.swift in Sources */ = {isa = PBXBuildFile; fileRef = F9FE1B80206A6B290037A479 /* InputResponder.swift */; };
/* End PBXBuildFile section */

/* Begin PBXFileReference section */
		4105CBF920681E4400DE99EB /* iPod.app */ = {isa = PBXFileReference; explicitFileType = wrapper.application; includeInIndex = 0; path = iPod.app; sourceTree = BUILT_PRODUCTS_DIR; };
		4105CBFC20681E4400DE99EB /* AppDelegate.swift */ = {isa = PBXFileReference; lastKnownFileType = sourcecode.swift; path = AppDelegate.swift; sourceTree = "<group>"; };
		4105CC0320681E4400DE99EB /* Assets.xcassets */ = {isa = PBXFileReference; lastKnownFileType = folder.assetcatalog; path = Assets.xcassets; sourceTree = "<group>"; };
		4105CC0620681E4400DE99EB /* Base */ = {isa = PBXFileReference; lastKnownFileType = file.storyboard; name = Base; path = Base.lproj/LaunchScreen.storyboard; sourceTree = "<group>"; };
		4105CC0820681E4400DE99EB /* Info.plist */ = {isa = PBXFileReference; lastKnownFileType = text.plist.xml; path = Info.plist; sourceTree = "<group>"; };
		4105CC1F206821FA00DE99EB /* MenuViewModel.swift */ = {isa = PBXFileReference; lastKnownFileType = sourcecode.swift; path = MenuViewModel.swift; sourceTree = "<group>"; };
		4105CC212068221500DE99EB /* MenuViewController.swift */ = {isa = PBXFileReference; lastKnownFileType = sourcecode.swift; path = MenuViewController.swift; sourceTree = "<group>"; };
		4105CC232068223A00DE99EB /* DeviceViewController.swift */ = {isa = PBXFileReference; lastKnownFileType = sourcecode.swift; name = DeviceViewController.swift; path = iPod/Device/DeviceViewController.swift; sourceTree = SOURCE_ROOT; };
		4105CC2C206822C300DE99EB /* Color.swift */ = {isa = PBXFileReference; lastKnownFileType = sourcecode.swift; path = Color.swift; sourceTree = "<group>"; };
		4105CC2F20682C2100DE99EB /* MenuTableViewCell.swift */ = {isa = PBXFileReference; lastKnownFileType = sourcecode.swift; path = MenuTableViewCell.swift; sourceTree = "<group>"; };
		4105CC3320682C6700DE99EB /* MenuCellViewModel.swift */ = {isa = PBXFileReference; lastKnownFileType = sourcecode.swift; path = MenuCellViewModel.swift; sourceTree = "<group>"; };
		4105CC3520683EFF00DE99EB /* Font.swift */ = {isa = PBXFileReference; lastKnownFileType = sourcecode.swift; path = Font.swift; sourceTree = "<group>"; };
		4105CC372068415B00DE99EB /* StatusBarView.swift */ = {isa = PBXFileReference; lastKnownFileType = sourcecode.swift; path = StatusBarView.swift; sourceTree = "<group>"; };
		4105CC3C20684FEE00DE99EB /* DeviceViewModel.swift */ = {isa = PBXFileReference; lastKnownFileType = sourcecode.swift; path = DeviceViewModel.swift; sourceTree = "<group>"; };
		4105CC3E2068539A00DE99EB /* OperatingSystemViewModel.swift */ = {isa = PBXFileReference; lastKnownFileType = sourcecode.swift; path = OperatingSystemViewModel.swift; sourceTree = "<group>"; };
		4105CC402068546A00DE99EB /* OperatingSystemViewController.swift */ = {isa = PBXFileReference; lastKnownFileType = sourcecode.swift; path = OperatingSystemViewController.swift; sourceTree = "<group>"; };
		4105CC4520685A6B00DE99EB /* ControlPanelViewController.swift */ = {isa = PBXFileReference; lastKnownFileType = sourcecode.swift; path = ControlPanelViewController.swift; sourceTree = "<group>"; };
		4105CC4720685E5A00DE99EB /* ControlPanelViewModel.swift */ = {isa = PBXFileReference; lastKnownFileType = sourcecode.swift; path = ControlPanelViewModel.swift; sourceTree = "<group>"; };
		4105CC4A20697EDC00DE99EB /* ArchButton.swift */ = {isa = PBXFileReference; lastKnownFileType = sourcecode.swift; path = ArchButton.swift; sourceTree = "<group>"; };
		4105CC4D2069924D00DE99EB /* ScrollWheel.swift */ = {isa = PBXFileReference; lastKnownFileType = sourcecode.swift; path = ScrollWheel.swift; sourceTree = "<group>"; };
		4105CC4F206AA25500DE99EB /* OperatingSystemCoordinator.swift */ = {isa = PBXFileReference; lastKnownFileType = sourcecode.swift; path = OperatingSystemCoordinator.swift; sourceTree = "<group>"; };
		4105CC51206AA2CE00DE99EB /* Coordinator.swift */ = {isa = PBXFileReference; lastKnownFileType = sourcecode.swift; path = Coordinator.swift; sourceTree = "<group>"; };
		4105CC53206AA70600DE99EB /* OperatingSystemCoordinatorModel.swift */ = {isa = PBXFileReference; lastKnownFileType = sourcecode.swift; path = OperatingSystemCoordinatorModel.swift; sourceTree = "<group>"; };
		41426849206C1DBC00B83735 /* MainMenuViewModel.swift */ = {isa = PBXFileReference; lastKnownFileType = sourcecode.swift; path = MainMenuViewModel.swift; sourceTree = "<group>"; };
		4142684B206C31A600B83735 /* PlaylistsMenuViewModel.swift */ = {isa = PBXFileReference; lastKnownFileType = sourcecode.swift; path = PlaylistsMenuViewModel.swift; sourceTree = "<group>"; };
		41B7ECD5206C41E000C41086 /* Artist.swift */ = {isa = PBXFileReference; lastKnownFileType = sourcecode.swift; path = Artist.swift; sourceTree = "<group>"; };
		41B7ECD7206C420100C41086 /* Song.swift */ = {isa = PBXFileReference; lastKnownFileType = sourcecode.swift; path = Song.swift; sourceTree = "<group>"; };
		41B7ECD9206C425E00C41086 /* Album.swift */ = {isa = PBXFileReference; lastKnownFileType = sourcecode.swift; path = Album.swift; sourceTree = "<group>"; };
		41B7ECDB206C42E700C41086 /* Playlist.swift */ = {isa = PBXFileReference; lastKnownFileType = sourcecode.swift; path = Playlist.swift; sourceTree = "<group>"; };
		41B7ECDE206C437D00C41086 /* LibraryService.swift */ = {isa = PBXFileReference; lastKnownFileType = sourcecode.swift; path = LibraryService.swift; sourceTree = "<group>"; };
		41B7ECE0206C46B100C41086 /* ArtistsMenuViewModel.swift */ = {isa = PBXFileReference; lastKnownFileType = sourcecode.swift; path = ArtistsMenuViewModel.swift; sourceTree = "<group>"; };
		41B7ECE2206C496B00C41086 /* SongsMenuViewModel.swift */ = {isa = PBXFileReference; lastKnownFileType = sourcecode.swift; path = SongsMenuViewModel.swift; sourceTree = "<group>"; };
		41B7ECE4206C575400C41086 /* AlbumsMenuViewModel.swift */ = {isa = PBXFileReference; lastKnownFileType = sourcecode.swift; path = AlbumsMenuViewModel.swift; sourceTree = "<group>"; };
		F97D9A69206F5EA4001FED7B /* ProgressView.swift */ = {isa = PBXFileReference; lastKnownFileType = sourcecode.swift; path = ProgressView.swift; sourceTree = "<group>"; };
		F991404220716E490060E3A8 /* AboutViewModel.swift */ = {isa = PBXFileReference; lastKnownFileType = sourcecode.swift; path = AboutViewModel.swift; sourceTree = "<group>"; };
		F991404420716E770060E3A8 /* AboutViewController.swift */ = {isa = PBXFileReference; lastKnownFileType = sourcecode.swift; path = AboutViewController.swift; sourceTree = "<group>"; };
		F9F2EFD1206CDA1C009A88FC /* Strings.swift */ = {isa = PBXFileReference; lastKnownFileType = sourcecode.swift; path = Strings.swift; sourceTree = "<group>"; };
		F9F2EFD3206CDE39009A88FC /* PlayerService.swift */ = {isa = PBXFileReference; lastKnownFileType = sourcecode.swift; path = PlayerService.swift; sourceTree = "<group>"; };
		F9F2EFD6206CF0FD009A88FC /* PlayerViewModel.swift */ = {isa = PBXFileReference; lastKnownFileType = sourcecode.swift; path = PlayerViewModel.swift; sourceTree = "<group>"; };
		F9F2EFD8206CF4BC009A88FC /* PlayerViewController.swift */ = {isa = PBXFileReference; lastKnownFileType = sourcecode.swift; path = PlayerViewController.swift; sourceTree = "<group>"; };
		F9F2EFDA206D40AC009A88FC /* StorageService.swift */ = {isa = PBXFileReference; lastKnownFileType = sourcecode.swift; path = StorageService.swift; sourceTree = "<group>"; };
		F9FE1B80206A6B290037A479 /* InputResponder.swift */ = {isa = PBXFileReference; lastKnownFileType = sourcecode.swift; path = InputResponder.swift; sourceTree = "<group>"; };
/* End PBXFileReference section */

/* Begin PBXFrameworksBuildPhase section */
		4105CBF620681E4400DE99EB /* Frameworks */ = {
			isa = PBXFrameworksBuildPhase;
			buildActionMask = 2147483647;
			files = (
			);
			runOnlyForDeploymentPostprocessing = 0;
		};
/* End PBXFrameworksBuildPhase section */

/* Begin PBXGroup section */
		4105CBF020681E4400DE99EB = {
			isa = PBXGroup;
			children = (
				4105CBFB20681E4400DE99EB /* iPod */,
				4105CBFA20681E4400DE99EB /* Products */,
			);
			sourceTree = "<group>";
		};
		4105CBFA20681E4400DE99EB /* Products */ = {
			isa = PBXGroup;
			children = (
				4105CBF920681E4400DE99EB /* iPod.app */,
			);
			name = Products;
			sourceTree = "<group>";
		};
		4105CBFB20681E4400DE99EB /* iPod */ = {
			isa = PBXGroup;
			children = (
				41B7ECD4206C41BE00C41086 /* Model */,
				F9FE1B7F206A6B130037A479 /* Protocols */,
				4105CC2B206822B100DE99EB /* Utils */,
				4105CC1020681E7000DE99EB /* OS */,
				4105CC252068225B00DE99EB /* Device */,
				4105CBFC20681E4400DE99EB /* AppDelegate.swift */,
				4105CC0320681E4400DE99EB /* Assets.xcassets */,
				4105CC0520681E4400DE99EB /* LaunchScreen.storyboard */,
				4105CC0820681E4400DE99EB /* Info.plist */,
			);
			path = iPod;
			sourceTree = "<group>";
		};
		4105CC1020681E7000DE99EB /* OS */ = {
			isa = PBXGroup;
			children = (
				F991404120716E3A0060E3A8 /* About */,
				41B7ECDD206C436000C41086 /* Services */,
				F9F2EFD5206CF0E2009A88FC /* Player */,
				4105CC392068416100DE99EB /* StatusBar */,
				4105CC1120681E7000DE99EB /* Menu */,
				4105CC4F206AA25500DE99EB /* OperatingSystemCoordinator.swift */,
				4105CC53206AA70600DE99EB /* OperatingSystemCoordinatorModel.swift */,
				4105CC402068546A00DE99EB /* OperatingSystemViewController.swift */,
				4105CC3E2068539A00DE99EB /* OperatingSystemViewModel.swift */,
			);
			path = OS;
			sourceTree = "<group>";
		};
		4105CC1120681E7000DE99EB /* Menu */ = {
			isa = PBXGroup;
			children = (
				41426848206C1D5F00B83735 /* ViewModels */,
				4105CC2E20682C0300DE99EB /* Cell */,
				4105CC212068221500DE99EB /* MenuViewController.swift */,
			);
			path = Menu;
			sourceTree = "<group>";
		};
		4105CC252068225B00DE99EB /* Device */ = {
			isa = PBXGroup;
			children = (
				4105CC442068564600DE99EB /* Controls */,
				4105CC232068223A00DE99EB /* DeviceViewController.swift */,
				4105CC3C20684FEE00DE99EB /* DeviceViewModel.swift */,
			);
			path = Device;
			sourceTree = "<group>";
		};
		4105CC2B206822B100DE99EB /* Utils */ = {
			isa = PBXGroup;
			children = (
				4105CC2C206822C300DE99EB /* Color.swift */,
				4105CC3520683EFF00DE99EB /* Font.swift */,
				F9F2EFD1206CDA1C009A88FC /* Strings.swift */,
			);
			path = Utils;
			sourceTree = "<group>";
		};
		4105CC2E20682C0300DE99EB /* Cell */ = {
			isa = PBXGroup;
			children = (
				4105CC2F20682C2100DE99EB /* MenuTableViewCell.swift */,
				4105CC3320682C6700DE99EB /* MenuCellViewModel.swift */,
			);
			path = Cell;
			sourceTree = "<group>";
		};
		4105CC392068416100DE99EB /* StatusBar */ = {
			isa = PBXGroup;
			children = (
				4105CC372068415B00DE99EB /* StatusBarView.swift */,
			);
			path = StatusBar;
			sourceTree = "<group>";
		};
		4105CC442068564600DE99EB /* Controls */ = {
			isa = PBXGroup;
			children = (
				4105CC4C2069923200DE99EB /* ScrollWheel */,
				4105CC4920697EB300DE99EB /* ArchButton */,
				4105CC4520685A6B00DE99EB /* ControlPanelViewController.swift */,
				4105CC4720685E5A00DE99EB /* ControlPanelViewModel.swift */,
			);
			path = Controls;
			sourceTree = "<group>";
		};
		4105CC4920697EB300DE99EB /* ArchButton */ = {
			isa = PBXGroup;
			children = (
				4105CC4A20697EDC00DE99EB /* ArchButton.swift */,
			);
			path = ArchButton;
			sourceTree = "<group>";
		};
		4105CC4C2069923200DE99EB /* ScrollWheel */ = {
			isa = PBXGroup;
			children = (
				4105CC4D2069924D00DE99EB /* ScrollWheel.swift */,
			);
			path = ScrollWheel;
			sourceTree = "<group>";
		};
		41426848206C1D5F00B83735 /* ViewModels */ = {
			isa = PBXGroup;
			children = (
				4105CC1F206821FA00DE99EB /* MenuViewModel.swift */,
				41426849206C1DBC00B83735 /* MainMenuViewModel.swift */,
				4142684B206C31A600B83735 /* PlaylistsMenuViewModel.swift */,
				41B7ECE0206C46B100C41086 /* ArtistsMenuViewModel.swift */,
				41B7ECE4206C575400C41086 /* AlbumsMenuViewModel.swift */,
				41B7ECE2206C496B00C41086 /* SongsMenuViewModel.swift */,
			);
			path = ViewModels;
			sourceTree = "<group>";
		};
		41B7ECD4206C41BE00C41086 /* Model */ = {
			isa = PBXGroup;
			children = (
				41B7ECD5206C41E000C41086 /* Artist.swift */,
				41B7ECD7206C420100C41086 /* Song.swift */,
				41B7ECD9206C425E00C41086 /* Album.swift */,
				41B7ECDB206C42E700C41086 /* Playlist.swift */,
			);
			path = Model;
			sourceTree = "<group>";
		};
		41B7ECDD206C436000C41086 /* Services */ = {
			isa = PBXGroup;
			children = (
				41B7ECDE206C437D00C41086 /* LibraryService.swift */,
				F9F2EFD3206CDE39009A88FC /* PlayerService.swift */,
				F9F2EFDA206D40AC009A88FC /* StorageService.swift */,
			);
			path = Services;
			sourceTree = "<group>";
		};
		F97D9A6B206F5EA9001FED7B /* ProgressView */ = {
			isa = PBXGroup;
			children = (
				F97D9A69206F5EA4001FED7B /* ProgressView.swift */,
			);
			path = ProgressView;
			sourceTree = "<group>";
		};
		F991404120716E3A0060E3A8 /* About */ = {
			isa = PBXGroup;
			children = (
				F991404220716E490060E3A8 /* AboutViewModel.swift */,
				F991404420716E770060E3A8 /* AboutViewController.swift */,
			);
			path = About;
			sourceTree = "<group>";
		};
		F9F2EFD5206CF0E2009A88FC /* Player */ = {
			isa = PBXGroup;
			children = (
				F97D9A6B206F5EA9001FED7B /* ProgressView */,
				F9F2EFD6206CF0FD009A88FC /* PlayerViewModel.swift */,
				F9F2EFD8206CF4BC009A88FC /* PlayerViewController.swift */,
			);
			path = Player;
			sourceTree = "<group>";
		};
		F9FE1B7F206A6B130037A479 /* Protocols */ = {
			isa = PBXGroup;
			children = (
				F9FE1B80206A6B290037A479 /* InputResponder.swift */,
				4105CC51206AA2CE00DE99EB /* Coordinator.swift */,
			);
			path = Protocols;
			sourceTree = "<group>";
		};
/* End PBXGroup section */

/* Begin PBXNativeTarget section */
		4105CBF820681E4400DE99EB /* iPod */ = {
			isa = PBXNativeTarget;
			buildConfigurationList = 4105CC0B20681E4400DE99EB /* Build configuration list for PBXNativeTarget "iPod" */;
			buildPhases = (
				4105CBF520681E4400DE99EB /* Sources */,
				4105CBF620681E4400DE99EB /* Frameworks */,
				4105CBF720681E4400DE99EB /* Resources */,
			);
			buildRules = (
			);
			dependencies = (
			);
			name = iPod;
			productName = iPod;
			productReference = 4105CBF920681E4400DE99EB /* iPod.app */;
			productType = "com.apple.product-type.application";
		};
/* End PBXNativeTarget section */

/* Begin PBXProject section */
		4105CBF120681E4400DE99EB /* Project object */ = {
			isa = PBXProject;
			attributes = {
				LastSwiftUpdateCheck = 0920;
				LastUpgradeCheck = 0920;
				ORGANIZATIONNAME = "Witek Bobrowski";
				TargetAttributes = {
					4105CBF820681E4400DE99EB = {
						CreatedOnToolsVersion = 9.2;
						ProvisioningStyle = Automatic;
					};
				};
			};
			buildConfigurationList = 4105CBF420681E4400DE99EB /* Build configuration list for PBXProject "iPod" */;
			compatibilityVersion = "Xcode 8.0";
			developmentRegion = en;
			hasScannedForEncodings = 0;
			knownRegions = (
				en,
				Base,
			);
			mainGroup = 4105CBF020681E4400DE99EB;
			productRefGroup = 4105CBFA20681E4400DE99EB /* Products */;
			projectDirPath = "";
			projectRoot = "";
			targets = (
				4105CBF820681E4400DE99EB /* iPod */,
			);
		};
/* End PBXProject section */

/* Begin PBXResourcesBuildPhase section */
		4105CBF720681E4400DE99EB /* Resources */ = {
			isa = PBXResourcesBuildPhase;
			buildActionMask = 2147483647;
			files = (
				4105CC0720681E4400DE99EB /* LaunchScreen.storyboard in Resources */,
				4105CC0420681E4400DE99EB /* Assets.xcassets in Resources */,
			);
			runOnlyForDeploymentPostprocessing = 0;
		};
/* End PBXResourcesBuildPhase section */

/* Begin PBXSourcesBuildPhase section */
		4105CBF520681E4400DE99EB /* Sources */ = {
			isa = PBXSourcesBuildPhase;
			buildActionMask = 2147483647;
			files = (
				4105CC3420682C6700DE99EB /* MenuCellViewModel.swift in Sources */,
				4105CC50206AA25500DE99EB /* OperatingSystemCoordinator.swift in Sources */,
				4105CC3F2068539A00DE99EB /* OperatingSystemViewModel.swift in Sources */,
				4105CC4620685A6B00DE99EB /* ControlPanelViewController.swift in Sources */,
				41B7ECE3206C496B00C41086 /* SongsMenuViewModel.swift in Sources */,
				4105CC3D20684FEE00DE99EB /* DeviceViewModel.swift in Sources */,
				41B7ECDF206C437D00C41086 /* LibraryService.swift in Sources */,
				4105CBFD20681E4400DE99EB /* AppDelegate.swift in Sources */,
				41B7ECD6206C41E000C41086 /* Artist.swift in Sources */,
				F9FE1B81206A6B290037A479 /* InputResponder.swift in Sources */,
				4105CC4B20697EDC00DE99EB /* ArchButton.swift in Sources */,
				4142684A206C1DBC00B83735 /* MainMenuViewModel.swift in Sources */,
				4105CC3620683EFF00DE99EB /* Font.swift in Sources */,
				41B7ECDC206C42E700C41086 /* Playlist.swift in Sources */,
				4105CC2D206822C300DE99EB /* Color.swift in Sources */,
				F991404320716E490060E3A8 /* AboutViewModel.swift in Sources */,
				41B7ECE5206C575400C41086 /* AlbumsMenuViewModel.swift in Sources */,
				F97D9A6A206F5EA4001FED7B /* ProgressView.swift in Sources */,
				41B7ECDA206C425E00C41086 /* Album.swift in Sources */,
				F9F2EFD4206CDE39009A88FC /* PlayerService.swift in Sources */,
				F9F2EFD2206CDA1C009A88FC /* Strings.swift in Sources */,
				4105CC3120682C2100DE99EB /* MenuTableViewCell.swift in Sources */,
				4105CC52206AA2CE00DE99EB /* Coordinator.swift in Sources */,
				4142684C206C31A600B83735 /* PlaylistsMenuViewModel.swift in Sources */,
				4105CC54206AA70600DE99EB /* OperatingSystemCoordinatorModel.swift in Sources */,
				F9F2EFD9206CF4BC009A88FC /* PlayerViewController.swift in Sources */,
				F9F2EFDB206D40AC009A88FC /* StorageService.swift in Sources */,
				4105CC222068221500DE99EB /* MenuViewController.swift in Sources */,
				F991404520716E770060E3A8 /* AboutViewController.swift in Sources */,
				41B7ECE1206C46B100C41086 /* ArtistsMenuViewModel.swift in Sources */,
				4105CC242068223A00DE99EB /* DeviceViewController.swift in Sources */,
				41B7ECD8206C420100C41086 /* Song.swift in Sources */,
				4105CC412068546A00DE99EB /* OperatingSystemViewController.swift in Sources */,
				4105CC4820685E5A00DE99EB /* ControlPanelViewModel.swift in Sources */,
				4105CC4E2069924D00DE99EB /* ScrollWheel.swift in Sources */,
				4105CC20206821FA00DE99EB /* MenuViewModel.swift in Sources */,
				4105CC382068415B00DE99EB /* StatusBarView.swift in Sources */,
				F9F2EFD7206CF0FD009A88FC /* PlayerViewModel.swift in Sources */,
			);
			runOnlyForDeploymentPostprocessing = 0;
		};
/* End PBXSourcesBuildPhase section */

/* Begin PBXVariantGroup section */
		4105CC0520681E4400DE99EB /* LaunchScreen.storyboard */ = {
			isa = PBXVariantGroup;
			children = (
				4105CC0620681E4400DE99EB /* Base */,
			);
			name = LaunchScreen.storyboard;
			sourceTree = "<group>";
		};
/* End PBXVariantGroup section */

/* Begin XCBuildConfiguration section */
		4105CC0920681E4400DE99EB /* Debug */ = {
			isa = XCBuildConfiguration;
			buildSettings = {
				ALWAYS_SEARCH_USER_PATHS = NO;
				CLANG_ANALYZER_NONNULL = YES;
				CLANG_ANALYZER_NUMBER_OBJECT_CONVERSION = YES_AGGRESSIVE;
				CLANG_CXX_LANGUAGE_STANDARD = "gnu++14";
				CLANG_CXX_LIBRARY = "libc++";
				CLANG_ENABLE_MODULES = YES;
				CLANG_ENABLE_OBJC_ARC = YES;
				CLANG_WARN_BLOCK_CAPTURE_AUTORELEASING = YES;
				CLANG_WARN_BOOL_CONVERSION = YES;
				CLANG_WARN_COMMA = YES;
				CLANG_WARN_CONSTANT_CONVERSION = YES;
				CLANG_WARN_DIRECT_OBJC_ISA_USAGE = YES_ERROR;
				CLANG_WARN_DOCUMENTATION_COMMENTS = YES;
				CLANG_WARN_EMPTY_BODY = YES;
				CLANG_WARN_ENUM_CONVERSION = YES;
				CLANG_WARN_INFINITE_RECURSION = YES;
				CLANG_WARN_INT_CONVERSION = YES;
				CLANG_WARN_NON_LITERAL_NULL_CONVERSION = YES;
				CLANG_WARN_OBJC_LITERAL_CONVERSION = YES;
				CLANG_WARN_OBJC_ROOT_CLASS = YES_ERROR;
				CLANG_WARN_RANGE_LOOP_ANALYSIS = YES;
				CLANG_WARN_STRICT_PROTOTYPES = YES;
				CLANG_WARN_SUSPICIOUS_MOVE = YES;
				CLANG_WARN_UNGUARDED_AVAILABILITY = YES_AGGRESSIVE;
				CLANG_WARN_UNREACHABLE_CODE = YES;
				CLANG_WARN__DUPLICATE_METHOD_MATCH = YES;
				CODE_SIGN_IDENTITY = "iPhone Developer";
				COPY_PHASE_STRIP = NO;
				DEBUG_INFORMATION_FORMAT = dwarf;
				ENABLE_STRICT_OBJC_MSGSEND = YES;
				ENABLE_TESTABILITY = YES;
				GCC_C_LANGUAGE_STANDARD = gnu11;
				GCC_DYNAMIC_NO_PIC = NO;
				GCC_NO_COMMON_BLOCKS = YES;
				GCC_OPTIMIZATION_LEVEL = 0;
				GCC_PREPROCESSOR_DEFINITIONS = (
					"DEBUG=1",
					"$(inherited)",
				);
				GCC_WARN_64_TO_32_BIT_CONVERSION = YES;
				GCC_WARN_ABOUT_RETURN_TYPE = YES_ERROR;
				GCC_WARN_UNDECLARED_SELECTOR = YES;
				GCC_WARN_UNINITIALIZED_AUTOS = YES_AGGRESSIVE;
				GCC_WARN_UNUSED_FUNCTION = YES;
				GCC_WARN_UNUSED_VARIABLE = YES;
				IPHONEOS_DEPLOYMENT_TARGET = 11.2;
				MTL_ENABLE_DEBUG_INFO = YES;
				ONLY_ACTIVE_ARCH = YES;
				SDKROOT = iphoneos;
				SWIFT_ACTIVE_COMPILATION_CONDITIONS = DEBUG;
				SWIFT_OPTIMIZATION_LEVEL = "-Onone";
			};
			name = Debug;
		};
		4105CC0A20681E4400DE99EB /* Release */ = {
			isa = XCBuildConfiguration;
			buildSettings = {
				ALWAYS_SEARCH_USER_PATHS = NO;
				CLANG_ANALYZER_NONNULL = YES;
				CLANG_ANALYZER_NUMBER_OBJECT_CONVERSION = YES_AGGRESSIVE;
				CLANG_CXX_LANGUAGE_STANDARD = "gnu++14";
				CLANG_CXX_LIBRARY = "libc++";
				CLANG_ENABLE_MODULES = YES;
				CLANG_ENABLE_OBJC_ARC = YES;
				CLANG_WARN_BLOCK_CAPTURE_AUTORELEASING = YES;
				CLANG_WARN_BOOL_CONVERSION = YES;
				CLANG_WARN_COMMA = YES;
				CLANG_WARN_CONSTANT_CONVERSION = YES;
				CLANG_WARN_DIRECT_OBJC_ISA_USAGE = YES_ERROR;
				CLANG_WARN_DOCUMENTATION_COMMENTS = YES;
				CLANG_WARN_EMPTY_BODY = YES;
				CLANG_WARN_ENUM_CONVERSION = YES;
				CLANG_WARN_INFINITE_RECURSION = YES;
				CLANG_WARN_INT_CONVERSION = YES;
				CLANG_WARN_NON_LITERAL_NULL_CONVERSION = YES;
				CLANG_WARN_OBJC_LITERAL_CONVERSION = YES;
				CLANG_WARN_OBJC_ROOT_CLASS = YES_ERROR;
				CLANG_WARN_RANGE_LOOP_ANALYSIS = YES;
				CLANG_WARN_STRICT_PROTOTYPES = YES;
				CLANG_WARN_SUSPICIOUS_MOVE = YES;
				CLANG_WARN_UNGUARDED_AVAILABILITY = YES_AGGRESSIVE;
				CLANG_WARN_UNREACHABLE_CODE = YES;
				CLANG_WARN__DUPLICATE_METHOD_MATCH = YES;
				CODE_SIGN_IDENTITY = "iPhone Developer";
				COPY_PHASE_STRIP = NO;
				DEBUG_INFORMATION_FORMAT = "dwarf-with-dsym";
				ENABLE_NS_ASSERTIONS = NO;
				ENABLE_STRICT_OBJC_MSGSEND = YES;
				GCC_C_LANGUAGE_STANDARD = gnu11;
				GCC_NO_COMMON_BLOCKS = YES;
				GCC_WARN_64_TO_32_BIT_CONVERSION = YES;
				GCC_WARN_ABOUT_RETURN_TYPE = YES_ERROR;
				GCC_WARN_UNDECLARED_SELECTOR = YES;
				GCC_WARN_UNINITIALIZED_AUTOS = YES_AGGRESSIVE;
				GCC_WARN_UNUSED_FUNCTION = YES;
				GCC_WARN_UNUSED_VARIABLE = YES;
				IPHONEOS_DEPLOYMENT_TARGET = 11.2;
				MTL_ENABLE_DEBUG_INFO = NO;
				SDKROOT = iphoneos;
				SWIFT_OPTIMIZATION_LEVEL = "-Owholemodule";
				VALIDATE_PRODUCT = YES;
			};
			name = Release;
		};
		4105CC0C20681E4400DE99EB /* Debug */ = {
			isa = XCBuildConfiguration;
			buildSettings = {
				ASSETCATALOG_COMPILER_APPICON_NAME = AppIcon;
				CODE_SIGN_STYLE = Automatic;
				DEVELOPMENT_TEAM = U82NM6NPZS;
				INFOPLIST_FILE = iPod/Info.plist;
				LD_RUNPATH_SEARCH_PATHS = "$(inherited) @executable_path/Frameworks";
				PRODUCT_BUNDLE_IDENTIFIER = witek.bobrowski.iPod;
				PRODUCT_NAME = "$(TARGET_NAME)";
				SWIFT_VERSION = 4.0;
				TARGETED_DEVICE_FAMILY = "1,2";
			};
			name = Debug;
		};
		4105CC0D20681E4400DE99EB /* Release */ = {
			isa = XCBuildConfiguration;
			buildSettings = {
				ASSETCATALOG_COMPILER_APPICON_NAME = AppIcon;
				CODE_SIGN_STYLE = Automatic;
				DEVELOPMENT_TEAM = U82NM6NPZS;
				INFOPLIST_FILE = iPod/Info.plist;
				LD_RUNPATH_SEARCH_PATHS = "$(inherited) @executable_path/Frameworks";
				PRODUCT_BUNDLE_IDENTIFIER = witek.bobrowski.iPod;
				PRODUCT_NAME = "$(TARGET_NAME)";
				SWIFT_VERSION = 4.0;
				TARGETED_DEVICE_FAMILY = "1,2";
			};
			name = Release;
		};
/* End XCBuildConfiguration section */

/* Begin XCConfigurationList section */
		4105CBF420681E4400DE99EB /* Build configuration list for PBXProject "iPod" */ = {
			isa = XCConfigurationList;
			buildConfigurations = (
				4105CC0920681E4400DE99EB /* Debug */,
				4105CC0A20681E4400DE99EB /* Release */,
			);
			defaultConfigurationIsVisible = 0;
			defaultConfigurationName = Release;
		};
		4105CC0B20681E4400DE99EB /* Build configuration list for PBXNativeTarget "iPod" */ = {
			isa = XCConfigurationList;
			buildConfigurations = (
				4105CC0C20681E4400DE99EB /* Debug */,
				4105CC0D20681E4400DE99EB /* Release */,
			);
			defaultConfigurationIsVisible = 0;
			defaultConfigurationName = Release;
		};
/* End XCConfigurationList section */
	};
	rootObject = 4105CBF120681E4400DE99EB /* Project object */;
}
